PODS:
  - douyin (0.0.1):
    - DouyinOpenSDK
    - Flutter
  - DouyinOpenSDK (4.2.4)
  - Flutter (1.0.0)
  - integration_test (0.0.1):
    - Flutter

DEPENDENCIES:
  - douyin (from `.symlinks/plugins/douyin/ios`)
  - Flutter (from `Flutter`)
  - integration_test (from `.symlinks/plugins/integration_test/ios`)

SPEC REPOS:
  trunk:
    - DouyinOpenSDK

EXTERNAL SOURCES:
  douyin:
    :path: ".symlinks/plugins/douyin/ios"
  Flutter:
    :path: Flutter
  integration_test:
    :path: ".symlinks/plugins/integration_test/ios"

SPEC CHECKSUMS:
  douyin: 97cc6e9de3b071b92620c42b2c04022938967563
  DouyinOpenSDK: a153567ba06ee0fdae56955c34482b2f2768c75d
  Flutter: e0871f40cf51350855a761d2e70bf5af5b9b5de7
  integration_test: ce0a3ffa1de96d1a89ca0ac26fca7ea18a749ef4

PODFILE CHECKSUM: 028dd9ab1fe179b9d41781c0cbb35334ba75f5c9

COCOAPODS: 1.14.3
